
Microsoft Visual Studio Solution File, Format Version 12.00
# Visual Studio Version 17
VisualStudioVersion = 17.0.31903.59
MinimumVisualStudioVersion = 10.0.40219.1
Project("{FAE04EC0-301F-11D3-BF4B-00C04F79EFBC}") = "lab08_sem4", "lab08_sem4\lab08_sem4.csproj", "{4CE31F61-B734-40CB-997F-126EF72D8437}"
EndProject
Project("{FAE04EC0-301F-11D3-BF4B-00C04F79EFBC}") = "UnitTestProject1", "UnitTestProject1\UnitTestProject1.csproj", "{0B621E61-E009-4272-B583-F9EFBD72BDBD}"
EndProject
Global
	GlobalSection(SolutionConfigurationPlatforms) = preSolution
		Debug|Any CPU = Debug|Any CPU
		Release|Any CPU = Release|Any CPU
	EndGlobalSection
	GlobalSection(ProjectConfigurationPlatforms) = postSolution
		{4CE31F61-B734-40CB-997F-126EF72D8437}.Debug|Any CPU.ActiveCfg = Debug|Any CPU
		{4CE31F61-B734-40CB-997F-126EF72D8437}.Debug|Any CPU.Build.0 = Debug|Any CPU
		{4CE31F61-B734-40CB-997F-126EF72D8437}.Release|Any CPU.ActiveCfg = Release|Any CPU
		{4CE31F61-B734-40CB-997F-126EF72D8437}.Release|Any CPU.Build.0 = Release|Any CPU
		{0B621E61-E009-4272-B583-F9EFBD72BDBD}.Debug|Any CPU.ActiveCfg = Debug|Any CPU
		{0B621E61-E009-4272-B583-F9EFBD72BDBD}.Debug|Any CPU.Build.0 = Debug|Any CPU
		{0B621E61-E009-4272-B583-F9EFBD72BDBD}.Release|Any CPU.ActiveCfg = Release|Any CPU
		{0B621E61-E009-4272-B583-F9EFBD72BDBD}.Release|Any CPU.Build.0 = Release|Any CPU
	EndGlobalSection
	GlobalSection(SolutionProperties) = preSolution
		HideSolutionNode = FALSE
	EndGlobalSection
	GlobalSection(ExtensibilityGlobals) = postSolution
		SolutionGuid = {613FC4CD-A668-40F3-94F6-4C428E82D5BD}
	EndGlobalSection
EndGlobal
